
Microsoft Visual Studio Solution File, Format Version 12.00
# Visual Studio Version 17
VisualStudioVersion = 17.7.34221.43
MinimumVisualStudioVersion = 10.0.40219.1
Project("{54A90642-561A-4BB1-A94E-469ADEE60C69}") = "angularapp", "angularapp\angularapp.esproj", "{9E2BCBBC-0407-4EA7-8552-94A79BC35896}"
EndProject
Project("{9A19103F-16F7-4668-BE54-9A1E7A4F7556}") = "webapi", "webapi\webapi.csproj", "{7A5FEFA0-614B-44BC-BF4D-B5A67363F2DE}"
EndProject
Project("{FAE04EC0-301F-11D3-BF4B-00C04F79EFBC}") = "Calculator.Core", "webApi.Core\Calculator.Core.csproj", "{DB4978F0-61CD-45BC-9FC0-A5B1524E657B}"
EndProject
Project("{FAE04EC0-301F-11D3-BF4B-00C04F79EFBC}") = "Calculator.Service", "Calculator.Service\Calculator.Service.csproj", "{939184E5-1844-417C-ABBA-1EDC3F850A32}"
EndProject
Project("{FAE04EC0-301F-11D3-BF4B-00C04F79EFBC}") = "Calculator.Test", "Calculator.Test'\Calculator.Test.csproj", "{99A93807-471D-43CD-880C-64A7AC68BA4B}"
EndProject
Global
	GlobalSection(SolutionConfigurationPlatforms) = preSolution
		Debug|Any CPU = Debug|Any CPU
		Release|Any CPU = Release|Any CPU
	EndGlobalSection
	GlobalSection(ProjectConfigurationPlatforms) = postSolution
		{9E2BCBBC-0407-4EA7-8552-94A79BC35896}.Debug|Any CPU.ActiveCfg = Debug|Any CPU
		{9E2BCBBC-0407-4EA7-8552-94A79BC35896}.Debug|Any CPU.Build.0 = Debug|Any CPU
		{9E2BCBBC-0407-4EA7-8552-94A79BC35896}.Debug|Any CPU.Deploy.0 = Debug|Any CPU
		{9E2BCBBC-0407-4EA7-8552-94A79BC35896}.Release|Any CPU.ActiveCfg = Release|Any CPU
		{9E2BCBBC-0407-4EA7-8552-94A79BC35896}.Release|Any CPU.Build.0 = Release|Any CPU
		{9E2BCBBC-0407-4EA7-8552-94A79BC35896}.Release|Any CPU.Deploy.0 = Release|Any CPU
		{7A5FEFA0-614B-44BC-BF4D-B5A67363F2DE}.Debug|Any CPU.ActiveCfg = Debug|Any CPU
		{7A5FEFA0-614B-44BC-BF4D-B5A67363F2DE}.Debug|Any CPU.Build.0 = Debug|Any CPU
		{7A5FEFA0-614B-44BC-BF4D-B5A67363F2DE}.Release|Any CPU.ActiveCfg = Release|Any CPU
		{7A5FEFA0-614B-44BC-BF4D-B5A67363F2DE}.Release|Any CPU.Build.0 = Release|Any CPU
		{DB4978F0-61CD-45BC-9FC0-A5B1524E657B}.Debug|Any CPU.ActiveCfg = Debug|Any CPU
		{DB4978F0-61CD-45BC-9FC0-A5B1524E657B}.Debug|Any CPU.Build.0 = Debug|Any CPU
		{DB4978F0-61CD-45BC-9FC0-A5B1524E657B}.Release|Any CPU.ActiveCfg = Release|Any CPU
		{DB4978F0-61CD-45BC-9FC0-A5B1524E657B}.Release|Any CPU.Build.0 = Release|Any CPU
		{939184E5-1844-417C-ABBA-1EDC3F850A32}.Debug|Any CPU.ActiveCfg = Debug|Any CPU
		{939184E5-1844-417C-ABBA-1EDC3F850A32}.Debug|Any CPU.Build.0 = Debug|Any CPU
		{939184E5-1844-417C-ABBA-1EDC3F850A32}.Release|Any CPU.ActiveCfg = Release|Any CPU
		{939184E5-1844-417C-ABBA-1EDC3F850A32}.Release|Any CPU.Build.0 = Release|Any CPU
		{99A93807-471D-43CD-880C-64A7AC68BA4B}.Debug|Any CPU.ActiveCfg = Debug|Any CPU
		{99A93807-471D-43CD-880C-64A7AC68BA4B}.Debug|Any CPU.Build.0 = Debug|Any CPU
		{99A93807-471D-43CD-880C-64A7AC68BA4B}.Release|Any CPU.ActiveCfg = Release|Any CPU
		{99A93807-471D-43CD-880C-64A7AC68BA4B}.Release|Any CPU.Build.0 = Release|Any CPU
	EndGlobalSection
	GlobalSection(SolutionProperties) = preSolution
		HideSolutionNode = FALSE
	EndGlobalSection
	GlobalSection(ExtensibilityGlobals) = postSolution
		SolutionGuid = {7EDF1265-7D6B-4FFE-9308-9D598172BA72}
	EndGlobalSection
EndGlobal
